
Microsoft Visual Studio Solution File, Format Version 12.00
# Visual Studio Version 17
VisualStudioVersion = 17.0.32014.148
MinimumVisualStudioVersion = 10.0.40219.1
Project("{FAE04EC0-301F-11D3-BF4B-00C04F79EFBC}") = "GestionConger", "GestionConger\GestionConger.csproj", "{C2CC7064-7988-4C02-B208-DCFE7910C471}"
EndProject
Global
	GlobalSection(SolutionConfigurationPlatforms) = preSolution
		Debug|Any CPU = Debug|Any CPU
		Release|Any CPU = Release|Any CPU
	EndGlobalSection
	GlobalSection(ProjectConfigurationPlatforms) = postSolution
		{C2CC7064-7988-4C02-B208-DCFE7910C471}.Debug|Any CPU.ActiveCfg = Debug|Any CPU
		{C2CC7064-7988-4C02-B208-DCFE7910C471}.Debug|Any CPU.Build.0 = Debug|Any CPU
		{C2CC7064-7988-4C02-B208-DCFE7910C471}.Release|Any CPU.ActiveCfg = Release|Any CPU
		{C2CC7064-7988-4C02-B208-DCFE7910C471}.Release|Any CPU.Build.0 = Release|Any CPU
	EndGlobalSection
	GlobalSection(SolutionProperties) = preSolution
		HideSolutionNode = FALSE
	EndGlobalSection
	GlobalSection(ExtensibilityGlobals) = postSolution
		SolutionGuid = {85DBB2FB-2E79-41D3-81DA-F4D655D1B9B5}
	EndGlobalSection
EndGlobal
